{
  "bin/bundle:577146252": [
    [64, 5, 20, "ThreadSafety/ClassInstanceVariable: Avoid class instance variables.", 2485198147]
  ],
  "lib/open_id_authentication.rb:3708154332": [
    [12, 3, 74, "Style/ClassMethodsDefinitions: Use `class << self` to define a class method.", 3192095706],
    [16, 3, 41, "Style/ClassMethodsDefinitions: Use `class << self` to define a class method.", 1311143794],
    [20, 3, 57, "Style/ClassMethodsDefinitions: Use `class << self` to define a class method.", 3032259827]
  ],
  "lib/open_id_authentication/result.rb:671207495": [
    [32, 7, 35, "Performance/InefficientHashSearch: Use `#key?` instead of `#keys.include?`.", 2875436881]
  ]
}
